
Microsoft Visual Studio Solution File, Format Version 12.00
# Visual Studio Version 16
VisualStudioVersion = 16.0.810.7
MinimumVisualStudioVersion = 10.0.40219.1
Project("{FAE04EC0-301F-11D3-BF4B-00C04F79EFBC}") = "Thynk_Code", "Thynk_Code\Thynk_Code.csproj", "{551765A9-1208-44C7-80C8-1D8C6835D7D4}"
EndProject
Project("{FAE04EC0-301F-11D3-BF4B-00C04F79EFBC}") = "Thynk_Code.Model", "Thynk_Code.Model\Thynk_Code.Model.csproj", "{03C40BF8-AD14-4BE8-BF75-9567AE992498}"
EndProject
Project("{FAE04EC0-301F-11D3-BF4B-00C04F79EFBC}") = "Thynk_Code.Data", "Thynk_Code.Data\Thynk_Code.Data.csproj", "{351D695B-6124-4BBD-B529-9BE597242BC5}"
EndProject
Project("{FAE04EC0-301F-11D3-BF4B-00C04F79EFBC}") = "Thynk_Code.Service", "Thynk_Code.Service\Thynk_Code.Service.csproj", "{48AEF74B-32B0-493D-9431-0CF9C540DB49}"
EndProject
Global
	GlobalSection(SolutionConfigurationPlatforms) = preSolution
		Debug|Any CPU = Debug|Any CPU
		Release|Any CPU = Release|Any CPU
	EndGlobalSection
	GlobalSection(ProjectConfigurationPlatforms) = postSolution
		{551765A9-1208-44C7-80C8-1D8C6835D7D4}.Debug|Any CPU.ActiveCfg = Debug|Any CPU
		{551765A9-1208-44C7-80C8-1D8C6835D7D4}.Debug|Any CPU.Build.0 = Debug|Any CPU
		{551765A9-1208-44C7-80C8-1D8C6835D7D4}.Release|Any CPU.ActiveCfg = Release|Any CPU
		{551765A9-1208-44C7-80C8-1D8C6835D7D4}.Release|Any CPU.Build.0 = Release|Any CPU
		{03C40BF8-AD14-4BE8-BF75-9567AE992498}.Debug|Any CPU.ActiveCfg = Debug|Any CPU
		{03C40BF8-AD14-4BE8-BF75-9567AE992498}.Debug|Any CPU.Build.0 = Debug|Any CPU
		{03C40BF8-AD14-4BE8-BF75-9567AE992498}.Release|Any CPU.ActiveCfg = Release|Any CPU
		{03C40BF8-AD14-4BE8-BF75-9567AE992498}.Release|Any CPU.Build.0 = Release|Any CPU
		{351D695B-6124-4BBD-B529-9BE597242BC5}.Debug|Any CPU.ActiveCfg = Debug|Any CPU
		{351D695B-6124-4BBD-B529-9BE597242BC5}.Debug|Any CPU.Build.0 = Debug|Any CPU
		{351D695B-6124-4BBD-B529-9BE597242BC5}.Release|Any CPU.ActiveCfg = Release|Any CPU
		{351D695B-6124-4BBD-B529-9BE597242BC5}.Release|Any CPU.Build.0 = Release|Any CPU
		{48AEF74B-32B0-493D-9431-0CF9C540DB49}.Debug|Any CPU.ActiveCfg = Debug|Any CPU
		{48AEF74B-32B0-493D-9431-0CF9C540DB49}.Debug|Any CPU.Build.0 = Debug|Any CPU
		{48AEF74B-32B0-493D-9431-0CF9C540DB49}.Release|Any CPU.ActiveCfg = Release|Any CPU
		{48AEF74B-32B0-493D-9431-0CF9C540DB49}.Release|Any CPU.Build.0 = Release|Any CPU
	EndGlobalSection
	GlobalSection(SolutionProperties) = preSolution
		HideSolutionNode = FALSE
	EndGlobalSection
	GlobalSection(ExtensibilityGlobals) = postSolution
		SolutionGuid = {FD0397DF-2FC0-4ADF-BC01-27F975BB2A29}
	EndGlobalSection
EndGlobal
